
Microsoft Visual Studio Solution File, Format Version 12.00
# Visual Studio 15
VisualStudioVersion = 15.0.27130.2010
MinimumVisualStudioVersion = 10.0.40219.1
Project("{FAE04EC0-301F-11D3-BF4B-00C04F79EFBC}") = "FirstApp", "FirstApp\FirstApp.csproj", "{1AD51CEE-7501-48FF-8222-83BA359BCA2A}"
EndProject
Global
	GlobalSection(SolutionConfigurationPlatforms) = preSolution
		Debug|Any CPU = Debug|Any CPU
		Release|Any CPU = Release|Any CPU
	EndGlobalSection
	GlobalSection(ProjectConfigurationPlatforms) = postSolution
		{1AD51CEE-7501-48FF-8222-83BA359BCA2A}.Debug|Any CPU.ActiveCfg = Debug|Any CPU
		{1AD51CEE-7501-48FF-8222-83BA359BCA2A}.Debug|Any CPU.Build.0 = Debug|Any CPU
		{1AD51CEE-7501-48FF-8222-83BA359BCA2A}.Release|Any CPU.ActiveCfg = Release|Any CPU
		{1AD51CEE-7501-48FF-8222-83BA359BCA2A}.Release|Any CPU.Build.0 = Release|Any CPU
	EndGlobalSection
	GlobalSection(SolutionProperties) = preSolution
		HideSolutionNode = FALSE
	EndGlobalSection
	GlobalSection(ExtensibilityGlobals) = postSolution
		SolutionGuid = {C805AEE6-C401-482B-9A42-AED4720C02D8}
	EndGlobalSection
EndGlobal
