
Microsoft Visual Studio Solution File, Format Version 12.00
# Visual Studio 15
VisualStudioVersion = 15.0.27130.2010
MinimumVisualStudioVersion = 10.0.40219.1
Project("{FAE04EC0-301F-11D3-BF4B-00C04F79EFBC}") = "MailOlayi", "MailOlayi\MailOlayi.csproj", "{993F239E-7C14-49CC-9EDC-FAC93C524A1F}"
EndProject
Global
	GlobalSection(SolutionConfigurationPlatforms) = preSolution
		Debug|Any CPU = Debug|Any CPU
		Release|Any CPU = Release|Any CPU
	EndGlobalSection
	GlobalSection(ProjectConfigurationPlatforms) = postSolution
		{993F239E-7C14-49CC-9EDC-FAC93C524A1F}.Debug|Any CPU.ActiveCfg = Debug|Any CPU
		{993F239E-7C14-49CC-9EDC-FAC93C524A1F}.Debug|Any CPU.Build.0 = Debug|Any CPU
		{993F239E-7C14-49CC-9EDC-FAC93C524A1F}.Release|Any CPU.ActiveCfg = Release|Any CPU
		{993F239E-7C14-49CC-9EDC-FAC93C524A1F}.Release|Any CPU.Build.0 = Release|Any CPU
	EndGlobalSection
	GlobalSection(SolutionProperties) = preSolution
		HideSolutionNode = FALSE
	EndGlobalSection
	GlobalSection(ExtensibilityGlobals) = postSolution
		SolutionGuid = {300313F5-FA7E-433D-906A-577F5E0ECF61}
	EndGlobalSection
EndGlobal
