
Microsoft Visual Studio Solution File, Format Version 12.00
# Visual Studio 15
VisualStudioVersion = 15.0.27130.2010
MinimumVisualStudioVersion = 10.0.40219.1
Project("{FAE04EC0-301F-11D3-BF4B-00C04F79EFBC}") = "jQuery Dialog- pencereAcmaOlaylari", "jQuery Dialog- pencereAcmaOlaylari\jQuery Dialog- pencereAcmaOlaylari.csproj", "{0F980959-D90B-443E-AB67-2D86955E5D3B}"
EndProject
Global
	GlobalSection(SolutionConfigurationPlatforms) = preSolution
		Debug|Any CPU = Debug|Any CPU
		Release|Any CPU = Release|Any CPU
	EndGlobalSection
	GlobalSection(ProjectConfigurationPlatforms) = postSolution
		{0F980959-D90B-443E-AB67-2D86955E5D3B}.Debug|Any CPU.ActiveCfg = Debug|Any CPU
		{0F980959-D90B-443E-AB67-2D86955E5D3B}.Debug|Any CPU.Build.0 = Debug|Any CPU
		{0F980959-D90B-443E-AB67-2D86955E5D3B}.Release|Any CPU.ActiveCfg = Release|Any CPU
		{0F980959-D90B-443E-AB67-2D86955E5D3B}.Release|Any CPU.Build.0 = Release|Any CPU
	EndGlobalSection
	GlobalSection(SolutionProperties) = preSolution
		HideSolutionNode = FALSE
	EndGlobalSection
	GlobalSection(ExtensibilityGlobals) = postSolution
		SolutionGuid = {BCAE1855-9DC5-4FA8-84A3-B92EB81CE911}
	EndGlobalSection
EndGlobal
