
Microsoft Visual Studio Solution File, Format Version 12.00
# Visual Studio 15
VisualStudioVersion = 15.0.27130.2010
MinimumVisualStudioVersion = 10.0.40219.1
Project("{FAE04EC0-301F-11D3-BF4B-00C04F79EFBC}") = "ActionFilterAttribute", "ActionFilterAttribute\ActionFilterAttribute.csproj", "{955DFD3F-1477-4A8E-B434-A159407CDA3C}"
EndProject
Global
	GlobalSection(SolutionConfigurationPlatforms) = preSolution
		Debug|Any CPU = Debug|Any CPU
		Release|Any CPU = Release|Any CPU
	EndGlobalSection
	GlobalSection(ProjectConfigurationPlatforms) = postSolution
		{955DFD3F-1477-4A8E-B434-A159407CDA3C}.Debug|Any CPU.ActiveCfg = Debug|Any CPU
		{955DFD3F-1477-4A8E-B434-A159407CDA3C}.Debug|Any CPU.Build.0 = Debug|Any CPU
		{955DFD3F-1477-4A8E-B434-A159407CDA3C}.Release|Any CPU.ActiveCfg = Release|Any CPU
		{955DFD3F-1477-4A8E-B434-A159407CDA3C}.Release|Any CPU.Build.0 = Release|Any CPU
	EndGlobalSection
	GlobalSection(SolutionProperties) = preSolution
		HideSolutionNode = FALSE
	EndGlobalSection
	GlobalSection(ExtensibilityGlobals) = postSolution
		SolutionGuid = {314C577F-11FC-4D78-8CC9-832CC81D3F44}
	EndGlobalSection
EndGlobal
